{
  "name": "signbank-assets",
  "version": "1.0.0",
  "lockfileVersion": 3,
  "requires": true,
  "packages": {
    "": {
      "name": "signbank-assets",
      "version": "1.0.0",
      "dependencies": {
        "auslan-spell": "file:../../auslan-spell-web-package/auslan-spell",
        "three": "^0.159.0"
      },
      "devDependencies": {}
    },
    "../../auslan-spell-web-package/auslan-spell": {
      "version": "1.0.0-beta",
      "dependencies": {
        "range-slider-input": "^2.4.4",
        "three": "^0.172.0"
      },
      "devDependencies": {
        "@types/node": "^20.10.4",
        "@types/three": "^0.160.0",
        "copyfiles": "^2.4.1",
        "prettier": "^3.4.2",
        "typescript": "^5.3.3"
      }
    },
    "node_modules/auslan-spell": {
      "resolved": "../../auslan-spell-web-package/auslan-spell",
      "link": true
    },
    "node_modules/three": {
      "version": "0.159.0",
      "resolved": "https://registry.npmjs.org/three/-/three-0.159.0.tgz",
      "integrity": "sha512-eCmhlLGbBgucuo4VEA9IO3Qpc7dh8Bd4VKzr7WfW4+8hMcIfoAVi1ev0pJYN9PTTsCslbcKgBwr2wNZ1EvLInA==",
      "license": "MIT"
    }
  }
}
